
Microsoft Visual Studio Solution File, Format Version 12.00
# Visual Studio Version 17
VisualStudioVersion = 17.5.33530.505
MinimumVisualStudioVersion = 10.0.40219.1
Project("{FAE04EC0-301F-11D3-BF4B-00C04F79EFBC}") = "consumerQlola", "consumerQlola\consumerQlola.csproj", "{DF803477-CD00-4C49-A6CF-57BD6E17CB70}"
EndProject
Project("{FAE04EC0-301F-11D3-BF4B-00C04F79EFBC}") = "publisher", "publisher\publisher.csproj", "{2EC09A0D-D18C-4EA8-AE23-0050AD859D13}"
EndProject
Global
	GlobalSection(SolutionConfigurationPlatforms) = preSolution
		Debug|Any CPU = Debug|Any CPU
		Release|Any CPU = Release|Any CPU
	EndGlobalSection
	GlobalSection(ProjectConfigurationPlatforms) = postSolution
		{DF803477-CD00-4C49-A6CF-57BD6E17CB70}.Debug|Any CPU.ActiveCfg = Debug|Any CPU
		{DF803477-CD00-4C49-A6CF-57BD6E17CB70}.Debug|Any CPU.Build.0 = Debug|Any CPU
		{DF803477-CD00-4C49-A6CF-57BD6E17CB70}.Release|Any CPU.ActiveCfg = Release|Any CPU
		{DF803477-CD00-4C49-A6CF-57BD6E17CB70}.Release|Any CPU.Build.0 = Release|Any CPU
		{2EC09A0D-D18C-4EA8-AE23-0050AD859D13}.Debug|Any CPU.ActiveCfg = Debug|Any CPU
		{2EC09A0D-D18C-4EA8-AE23-0050AD859D13}.Debug|Any CPU.Build.0 = Debug|Any CPU
		{2EC09A0D-D18C-4EA8-AE23-0050AD859D13}.Release|Any CPU.ActiveCfg = Release|Any CPU
		{2EC09A0D-D18C-4EA8-AE23-0050AD859D13}.Release|Any CPU.Build.0 = Release|Any CPU
	EndGlobalSection
	GlobalSection(SolutionProperties) = preSolution
		HideSolutionNode = FALSE
	EndGlobalSection
	GlobalSection(ExtensibilityGlobals) = postSolution
		SolutionGuid = {B7132CC9-4B83-411A-B200-8FFA57BFCEBE}
	EndGlobalSection
EndGlobal
